// !$*UTF8*$!
{
	archiveVersion = 1;
	classes = {
	};
	objectVersion = 56;
	objects = {

/* Begin PBXBuildFile section */
		A10000010000000000000001 /* AppDelegate.swift in Sources */ = {isa = PBXBuildFile; fileRef = A20000010000000000000001 /* AppDelegate.swift */; };
		A10000010000000000000002 /* RightClickApp.swift in Sources */ = {isa = PBXBuildFile; fileRef = A20000010000000000000002 /* RightClickApp.swift */; };
		A10000010000000000000003 /* NewFileView.swift in Sources */ = {isa = PBXBuildFile; fileRef = A20000010000000000000003 /* NewFileView.swift */; };
		A10000010000000000000004 /* NewFileViewModel.swift in Sources */ = {isa = PBXBuildFile; fileRef = A20000010000000000000004 /* NewFileViewModel.swift */; };
		A10000010000000000000006 /* AppGroup.swift in Sources */ = {isa = PBXBuildFile; fileRef = A20000010000000000000007 /* AppGroup.swift */; };
		A10000010000000000000005 /* RightClickCore in Frameworks */ = {isa = PBXBuildFile; productRef = A70000010000000000000001 /* RightClickCore */; };
/* End PBXBuildFile section */

/* Begin PBXFileReference section */
		A20000010000000000000001 /* AppDelegate.swift */ = {isa = PBXFileReference; lastKnownFileType = sourcecode.swift; path = AppDelegate.swift; sourceTree = "<group>"; };
		A20000010000000000000002 /* RightClickApp.swift */ = {isa = PBXFileReference; lastKnownFileType = sourcecode.swift; path = RightClickApp.swift; sourceTree = "<group>"; };
		A20000010000000000000003 /* NewFileView.swift */ = {isa = PBXFileReference; lastKnownFileType = sourcecode.swift; path = NewFileView.swift; sourceTree = "<group>"; };
		A20000010000000000000004 /* NewFileViewModel.swift */ = {isa = PBXFileReference; lastKnownFileType = sourcecode.swift; path = NewFileViewModel.swift; sourceTree = "<group>"; };
		A20000010000000000000005 /* Info.plist */ = {isa = PBXFileReference; lastKnownFileType = text.plist.xml; path = Info.plist; sourceTree = "<group>"; };
		A20000010000000000000006 /* RightClick.app */ = {isa = PBXFileReference; explicitFileType = wrapper.application; includeInIndex = 0; path = RightClick.app; sourceTree = BUILT_PRODUCTS_DIR; };
		A20000010000000000000007 /* AppGroup.swift */ = {isa = PBXFileReference; lastKnownFileType = sourcecode.swift; path = AppGroup.swift; sourceTree = "<group>"; };
/* End PBXFileReference section */

/* Begin PBXFrameworksBuildPhase section */
		A30000010000000000000001 /* Frameworks */ = {
			isa = PBXFrameworksBuildPhase;
			buildActionMask = 2147483647;
			files = (
				A10000010000000000000005 /* RightClickCore in Frameworks */,
			);
			runOnlyForDeploymentPostprocessing = 0;
		};
/* End PBXFrameworksBuildPhase section */

/* Begin PBXGroup section */
		A40000010000000000000001 = {
			isa = PBXGroup;
			children = (
				A40000010000000000000002 /* RightClick */,
				A40000010000000000000004 /* Products */,
			);
			sourceTree = "<group>";
		};
		A40000010000000000000002 /* RightClick */ = {
			isa = PBXGroup;
			children = (
				A20000010000000000000001 /* AppDelegate.swift */,
				A20000010000000000000002 /* RightClickApp.swift */,
				A20000010000000000000005 /* Info.plist */,
				A40000010000000000000003 /* NewFile */,
				A40000010000000000000005 /* Shared */,
			);
			path = RightClick;
			sourceTree = "<group>";
		};
		A40000010000000000000003 /* NewFile */ = {
			isa = PBXGroup;
			children = (
				A20000010000000000000003 /* NewFileView.swift */,
				A20000010000000000000004 /* NewFileViewModel.swift */,
			);
			path = NewFile;
			sourceTree = "<group>";
		};
		A40000010000000000000005 /* Shared */ = {
			isa = PBXGroup;
			children = (
				A20000010000000000000007 /* AppGroup.swift */,
			);
			path = Shared;
			sourceTree = "<group>";
		};
		A40000010000000000000004 /* Products */ = {
			isa = PBXGroup;
			children = (
				A20000010000000000000006 /* RightClick.app */,
			);
			name = Products;
			sourceTree = "<group>";
		};
/* End PBXGroup section */

/* Begin PBXNativeTarget section */
		A50000010000000000000001 /* RightClick */ = {
			isa = PBXNativeTarget;
			buildConfigurationList = A80000010000000000000001 /* Build configuration list for PBXNativeTarget "RightClick" */;
			buildPhases = (
				A30000010000000000000002 /* Sources */,
				A30000010000000000000001 /* Frameworks */,
			);
			buildRules = (
			);
			dependencies = (
			);
			name = RightClick;
			packageProductDependencies = (
				A70000010000000000000001 /* RightClickCore */,
			);
			productName = RightClick;
			productReference = A20000010000000000000006 /* RightClick.app */;
			productType = "com.apple.product-type.application";
		};
/* End PBXNativeTarget section */

/* Begin PBXProject section */
		A60000010000000000000001 /* Project object */ = {
			isa = PBXProject;
			attributes = {
				LastSwiftUpdateCheck = 1600;
				LastUpgradeCheck = 1600;
				TargetAttributes = {
					A50000010000000000000001 = {
						CreatedOnToolsVersion = 16.0;
					};
				};
			};
			buildConfigurationList = A80000010000000000000004 /* Build configuration list for PBXProject "RightClick" */;
			compatibilityVersion = "Xcode 14.0";
			developmentRegion = en;
			hasScannedForEncodings = 0;
			knownRegions = (
				en,
				Base,
			);
			mainGroup = A40000010000000000000001;
			packageReferences = (
				A70000010000000000000002 /* XCLocalSwiftPackageReference "." */,
			);
			productRefGroup = A40000010000000000000004 /* Products */;
			projectDirPath = "";
			projectRoot = "";
			targets = (
				A50000010000000000000001 /* RightClick */,
			);
		};
/* End PBXProject section */

/* Begin PBXSourcesBuildPhase section */
		A30000010000000000000002 /* Sources */ = {
			isa = PBXSourcesBuildPhase;
			buildActionMask = 2147483647;
			files = (
				A10000010000000000000001 /* AppDelegate.swift in Sources */,
				A10000010000000000000002 /* RightClickApp.swift in Sources */,
				A10000010000000000000003 /* NewFileView.swift in Sources */,
				A10000010000000000000004 /* NewFileViewModel.swift in Sources */,
				A10000010000000000000006 /* AppGroup.swift in Sources */,
			);
			runOnlyForDeploymentPostprocessing = 0;
		};
/* End PBXSourcesBuildPhase section */

/* Begin XCBuildConfiguration section */
		A80000010000000000000002 /* Debug */ = {
			isa = XCBuildConfiguration;
			buildSettings = {
				ALWAYS_SEARCH_USER_PATHS = NO;
				CLANG_ENABLE_MODULES = YES;
				MACOSX_DEPLOYMENT_TARGET = 13.0;
				SDKROOT = macosx;
				SWIFT_VERSION = 5.9;
			};
			name = Debug;
		};
		A80000010000000000000003 /* Release */ = {
			isa = XCBuildConfiguration;
			buildSettings = {
				ALWAYS_SEARCH_USER_PATHS = NO;
				CLANG_ENABLE_MODULES = YES;
				MACOSX_DEPLOYMENT_TARGET = 13.0;
				SDKROOT = macosx;
				SWIFT_VERSION = 5.9;
			};
			name = Release;
		};
		A80000010000000000000005 /* Debug */ = {
			isa = XCBuildConfiguration;
			buildSettings = {
				CODE_SIGN_STYLE = Automatic;
				GENERATE_INFOPLIST_FILE = NO;
				INFOPLIST_FILE = RightClick/Info.plist;
				LD_RUNPATH_SEARCH_PATHS = (
					"$(inherited)",
					"@executable_path/../Frameworks",
				);
				MACOSX_DEPLOYMENT_TARGET = 13.0;
				PRODUCT_BUNDLE_IDENTIFIER = local.rightclick.RightClick;
				PRODUCT_NAME = "$(TARGET_NAME)";
				SDKROOT = macosx;
				SWIFT_EMIT_LOC_STRINGS = NO;
				SWIFT_VERSION = 5.9;
			};
			name = Debug;
		};
		A80000010000000000000006 /* Release */ = {
			isa = XCBuildConfiguration;
			buildSettings = {
				CODE_SIGN_STYLE = Automatic;
				GENERATE_INFOPLIST_FILE = NO;
				INFOPLIST_FILE = RightClick/Info.plist;
				LD_RUNPATH_SEARCH_PATHS = (
					"$(inherited)",
					"@executable_path/../Frameworks",
				);
				MACOSX_DEPLOYMENT_TARGET = 13.0;
				PRODUCT_BUNDLE_IDENTIFIER = local.rightclick.RightClick;
				PRODUCT_NAME = "$(TARGET_NAME)";
				SDKROOT = macosx;
				SWIFT_EMIT_LOC_STRINGS = NO;
				SWIFT_VERSION = 5.9;
			};
			name = Release;
		};
/* End XCBuildConfiguration section */

/* Begin XCConfigurationList section */
		A80000010000000000000001 /* Build configuration list for PBXNativeTarget "RightClick" */ = {
			isa = XCConfigurationList;
			buildConfigurations = (
				A80000010000000000000005 /* Debug */,
				A80000010000000000000006 /* Release */,
			);
			defaultConfigurationIsVisible = 0;
			defaultConfigurationName = Release;
		};
		A80000010000000000000004 /* Build configuration list for PBXProject "RightClick" */ = {
			isa = XCConfigurationList;
			buildConfigurations = (
				A80000010000000000000002 /* Debug */,
				A80000010000000000000003 /* Release */,
			);
			defaultConfigurationIsVisible = 0;
			defaultConfigurationName = Release;
		};
/* End XCConfigurationList section */

/* Begin XCLocalSwiftPackageReference section */
		A70000010000000000000002 /* XCLocalSwiftPackageReference "." */ = {
			isa = XCLocalSwiftPackageReference;
			relativePath = ".";
		};
/* End XCLocalSwiftPackageReference section */

/* Begin XCSwiftPackageProductDependency section */
		A70000010000000000000001 /* RightClickCore */ = {
			isa = XCSwiftPackageProductDependency;
			package = A70000010000000000000002 /* XCLocalSwiftPackageReference "." */;
			productName = RightClickCore;
		};
/* End XCSwiftPackageProductDependency section */
	};
	rootObject = A60000010000000000000001 /* Project object */;
}
